// !$*UTF8*$!
{
	archiveVersion = 1;
	classes = {
	};
	objectVersion = 46;
	objects = {

/* Begin PBXBuildFile section */
		3CD0FA931F1C340D00D9F8EA /* BMKMapViewManager.m in Sources */ = {isa = PBXBuildFile; fileRef = 3CD0FA921F1C340D00D9F8EA /* BMKMapViewManager.m */; };
		3CD0FAFA1F1CC93C00D9F8EA /* libreact-native-bmk.a in Frameworks */ = {isa = PBXBuildFile; fileRef = 3CD0FA7F1F1C28D200D9F8EA /* libreact-native-bmk.a */; };
		3CD0FB011F1CC97800D9F8EA /* TestBMKUserLocationDerSer.m in Sources */ = {isa = PBXBuildFile; fileRef = 3CD0FB001F1CC97800D9F8EA /* TestBMKUserLocationDerSer.m */; };
		EDFC7185DFD72B68E5D4D11B /* RCT_BMKMapView.m in Sources */ = {isa = PBXBuildFile; fileRef = EDFC75E4CA6D4AA718F0D8CF /* RCT_BMKMapView.m */; };
		EDFC719C3558BEAEC2E0D167 /* RCT_BMKAnnotation.m in Sources */ = {isa = PBXBuildFile; fileRef = EDFC73D1E5E3DA0E3D8E568A /* RCT_BMKAnnotation.m */; };
		EDFC775722F0A1CB5CDF2925 /* BMKUserLocation+JSONHelper.m in Sources */ = {isa = PBXBuildFile; fileRef = EDFC70D4666EF3EDA263CB67 /* BMKUserLocation+JSONHelper.m */; };
		EDFC7B548C46A228BA1AD286 /* BMKLocationServiceManager.m in Sources */ = {isa = PBXBuildFile; fileRef = EDFC7D227C832E60912C8999 /* BMKLocationServiceManager.m */; };
		EDFC7CE9A2F1F1B3690F91F1 /* BMKUserLocation+Writable.m in Sources */ = {isa = PBXBuildFile; fileRef = EDFC73139AABF22CC92CD2EE /* BMKUserLocation+Writable.m */; };
		EDFC7D48695BDB1440B56373 /* RCT_CLHeading.m in Sources */ = {isa = PBXBuildFile; fileRef = EDFC7AFA4E167149A068C3F3 /* RCT_CLHeading.m */; };
		EDFC7F0AE847FD343A7F48F4 /* RCTConvert+BMKMapView.m in Sources */ = {isa = PBXBuildFile; fileRef = EDFC7620F58C3E2FC14691A8 /* RCTConvert+BMKMapView.m */; };
/* End PBXBuildFile section */

/* Begin PBXContainerItemProxy section */
		3CD0FAFB1F1CC93C00D9F8EA /* PBXContainerItemProxy */ = {
			isa = PBXContainerItemProxy;
			containerPortal = 3CD0FA771F1C28D200D9F8EA /* Project object */;
			proxyType = 1;
			remoteGlobalIDString = 3CD0FA7E1F1C28D200D9F8EA;
			remoteInfo = "react-native-bmk";
		};
/* End PBXContainerItemProxy section */

/* Begin PBXCopyFilesBuildPhase section */
		3CD0FA7D1F1C28D200D9F8EA /* CopyFiles */ = {
			isa = PBXCopyFilesBuildPhase;
			buildActionMask = 2147483647;
			dstPath = "include/$(PRODUCT_NAME)";
			dstSubfolderSpec = 16;
			files = (
			);
			runOnlyForDeploymentPostprocessing = 0;
		};
/* End PBXCopyFilesBuildPhase section */

/* Begin PBXFileReference section */
		3CD0FA7F1F1C28D200D9F8EA /* libreact-native-bmk.a */ = {isa = PBXFileReference; explicitFileType = archive.ar; includeInIndex = 0; path = "libreact-native-bmk.a"; sourceTree = BUILT_PRODUCTS_DIR; };
		3CD0FA921F1C340D00D9F8EA /* BMKMapViewManager.m */ = {isa = PBXFileReference; fileEncoding = 4; lastKnownFileType = sourcecode.c.objc; path = BMKMapViewManager.m; sourceTree = "<group>"; };
		3CD0FA941F1C341A00D9F8EA /* BMKMapViewManager.h */ = {isa = PBXFileReference; lastKnownFileType = sourcecode.c.h; path = BMKMapViewManager.h; sourceTree = "<group>"; };
		3CD0FAF51F1CC93C00D9F8EA /* BMK_Bridge_Tests.xctest */ = {isa = PBXFileReference; explicitFileType = wrapper.cfbundle; includeInIndex = 0; path = BMK_Bridge_Tests.xctest; sourceTree = BUILT_PRODUCTS_DIR; };
		3CD0FAF91F1CC93C00D9F8EA /* Info.plist */ = {isa = PBXFileReference; lastKnownFileType = text.plist.xml; path = Info.plist; sourceTree = "<group>"; };
		3CD0FB001F1CC97800D9F8EA /* TestBMKUserLocationDerSer.m */ = {isa = PBXFileReference; fileEncoding = 4; lastKnownFileType = sourcecode.c.objc; path = TestBMKUserLocationDerSer.m; sourceTree = "<group>"; };
		596348D5F7569353AB263585 /* Pods-react-native-bmk.debug.xcconfig */ = {isa = PBXFileReference; includeInIndex = 1; lastKnownFileType = text.xcconfig; name = "Pods-react-native-bmk.debug.xcconfig"; path = "Pods/Target Support Files/Pods-react-native-bmk/Pods-react-native-bmk.debug.xcconfig"; sourceTree = "<group>"; };
		6AF50263C40A347FAC169C1A /* Pods-react-native-bmk.release.xcconfig */ = {isa = PBXFileReference; includeInIndex = 1; lastKnownFileType = text.xcconfig; name = "Pods-react-native-bmk.release.xcconfig"; path = "Pods/Target Support Files/Pods-react-native-bmk/Pods-react-native-bmk.release.xcconfig"; sourceTree = "<group>"; };
		E0C0AA456C43EDAE8715A1B4 /* Pods-BMK_Bridge_Tests.release.xcconfig */ = {isa = PBXFileReference; includeInIndex = 1; lastKnownFileType = text.xcconfig; name = "Pods-BMK_Bridge_Tests.release.xcconfig"; path = "Pods/Target Support Files/Pods-BMK_Bridge_Tests/Pods-BMK_Bridge_Tests.release.xcconfig"; sourceTree = "<group>"; };
		EDFC70D4666EF3EDA263CB67 /* BMKUserLocation+JSONHelper.m */ = {isa = PBXFileReference; fileEncoding = 4; lastKnownFileType = sourcecode.c.objc; path = "BMKUserLocation+JSONHelper.m"; sourceTree = "<group>"; };
		EDFC71D02EAE6B5F8AECCDF6 /* BMKUserLocation+JSONHelper.h */ = {isa = PBXFileReference; fileEncoding = 4; lastKnownFileType = sourcecode.c.h; path = "BMKUserLocation+JSONHelper.h"; sourceTree = "<group>"; };
		EDFC73139AABF22CC92CD2EE /* BMKUserLocation+Writable.m */ = {isa = PBXFileReference; fileEncoding = 4; lastKnownFileType = sourcecode.c.objc; path = "BMKUserLocation+Writable.m"; sourceTree = "<group>"; };
		EDFC73D1E5E3DA0E3D8E568A /* RCT_BMKAnnotation.m */ = {isa = PBXFileReference; fileEncoding = 4; lastKnownFileType = sourcecode.c.objc; path = RCT_BMKAnnotation.m; sourceTree = "<group>"; };
		EDFC75E4CA6D4AA718F0D8CF /* RCT_BMKMapView.m */ = {isa = PBXFileReference; fileEncoding = 4; lastKnownFileType = sourcecode.c.objc; path = RCT_BMKMapView.m; sourceTree = "<group>"; };
		EDFC7620F58C3E2FC14691A8 /* RCTConvert+BMKMapView.m */ = {isa = PBXFileReference; fileEncoding = 4; lastKnownFileType = sourcecode.c.objc; path = "RCTConvert+BMKMapView.m"; sourceTree = "<group>"; };
		EDFC762BFADFF617B1CD1610 /* RCT_BMKMapView.h */ = {isa = PBXFileReference; fileEncoding = 4; lastKnownFileType = sourcecode.c.h; path = RCT_BMKMapView.h; sourceTree = "<group>"; };
		EDFC7663B30814888C094599 /* BMKUserLocation+Writable.h */ = {isa = PBXFileReference; fileEncoding = 4; lastKnownFileType = sourcecode.c.h; path = "BMKUserLocation+Writable.h"; sourceTree = "<group>"; };
		EDFC7AFA4E167149A068C3F3 /* RCT_CLHeading.m */ = {isa = PBXFileReference; fileEncoding = 4; lastKnownFileType = sourcecode.c.objc; path = RCT_CLHeading.m; sourceTree = "<group>"; };
		EDFC7CBAE40A510E02390483 /* RCTConvert+BMKMapView.h */ = {isa = PBXFileReference; fileEncoding = 4; lastKnownFileType = sourcecode.c.h; path = "RCTConvert+BMKMapView.h"; sourceTree = "<group>"; };
		EDFC7CDD0855F1E4FED3E6A0 /* RCT_CLHeading.h */ = {isa = PBXFileReference; fileEncoding = 4; lastKnownFileType = sourcecode.c.h; path = RCT_CLHeading.h; sourceTree = "<group>"; };
		EDFC7D227C832E60912C8999 /* BMKLocationServiceManager.m */ = {isa = PBXFileReference; fileEncoding = 4; lastKnownFileType = sourcecode.c.objc; path = BMKLocationServiceManager.m; sourceTree = "<group>"; };
		EDFC7DB68B764123FBA210E2 /* RCT_BMKAnnotation.h */ = {isa = PBXFileReference; fileEncoding = 4; lastKnownFileType = sourcecode.c.h; path = RCT_BMKAnnotation.h; sourceTree = "<group>"; };
		EDFC7F10A2446216EDB4C649 /* BMKLocationServiceManager.h */ = {isa = PBXFileReference; fileEncoding = 4; lastKnownFileType = sourcecode.c.h; path = BMKLocationServiceManager.h; sourceTree = "<group>"; };
		F65D1CA438F12539645FC967 /* Pods-BMK_Bridge_Tests.debug.xcconfig */ = {isa = PBXFileReference; includeInIndex = 1; lastKnownFileType = text.xcconfig; name = "Pods-BMK_Bridge_Tests.debug.xcconfig"; path = "Pods/Target Support Files/Pods-BMK_Bridge_Tests/Pods-BMK_Bridge_Tests.debug.xcconfig"; sourceTree = "<group>"; };
/* End PBXFileReference section */

/* Begin PBXFrameworksBuildPhase section */
		3CD0FA7C1F1C28D200D9F8EA /* Frameworks */ = {
			isa = PBXFrameworksBuildPhase;
			buildActionMask = 2147483647;
			files = (
			);
			runOnlyForDeploymentPostprocessing = 0;
		};
		3CD0FAF21F1CC93C00D9F8EA /* Frameworks */ = {
			isa = PBXFrameworksBuildPhase;
			buildActionMask = 2147483647;
			files = (
				3CD0FAFA1F1CC93C00D9F8EA /* libreact-native-bmk.a in Frameworks */,
			);
			runOnlyForDeploymentPostprocessing = 0;
		};
/* End PBXFrameworksBuildPhase section */

/* Begin PBXGroup section */
		25F777B10A2CDA6749719E85 /* Frameworks */ = {
			isa = PBXGroup;
			children = (
			);
			name = Frameworks;
			sourceTree = "<group>";
		};
		3CD0FA761F1C28D200D9F8EA = {
			isa = PBXGroup;
			children = (
				3CD0FA811F1C28D200D9F8EA /* react-native-bmk */,
				3CD0FAF61F1CC93C00D9F8EA /* BMK_Bridge_Tests */,
				3CD0FA801F1C28D200D9F8EA /* Products */,
				A3B7A2EFC3CE6A6CDF85FD3C /* Pods */,
				25F777B10A2CDA6749719E85 /* Frameworks */,
			);
			sourceTree = "<group>";
		};
		3CD0FA801F1C28D200D9F8EA /* Products */ = {
			isa = PBXGroup;
			children = (
				3CD0FA7F1F1C28D200D9F8EA /* libreact-native-bmk.a */,
				3CD0FAF51F1CC93C00D9F8EA /* BMK_Bridge_Tests.xctest */,
			);
			name = Products;
			sourceTree = "<group>";
		};
		3CD0FA811F1C28D200D9F8EA /* react-native-bmk */ = {
			isa = PBXGroup;
			children = (
				3CD0FA921F1C340D00D9F8EA /* BMKMapViewManager.m */,
				3CD0FA941F1C341A00D9F8EA /* BMKMapViewManager.h */,
				EDFC7D227C832E60912C8999 /* BMKLocationServiceManager.m */,
				EDFC7F10A2446216EDB4C649 /* BMKLocationServiceManager.h */,
				EDFC73139AABF22CC92CD2EE /* BMKUserLocation+Writable.m */,
				EDFC7663B30814888C094599 /* BMKUserLocation+Writable.h */,
				EDFC7AFA4E167149A068C3F3 /* RCT_CLHeading.m */,
				EDFC7CDD0855F1E4FED3E6A0 /* RCT_CLHeading.h */,
				EDFC70D4666EF3EDA263CB67 /* BMKUserLocation+JSONHelper.m */,
				EDFC71D02EAE6B5F8AECCDF6 /* BMKUserLocation+JSONHelper.h */,
				EDFC75E4CA6D4AA718F0D8CF /* RCT_BMKMapView.m */,
				EDFC762BFADFF617B1CD1610 /* RCT_BMKMapView.h */,
				EDFC73D1E5E3DA0E3D8E568A /* RCT_BMKAnnotation.m */,
				EDFC7DB68B764123FBA210E2 /* RCT_BMKAnnotation.h */,
				EDFC7620F58C3E2FC14691A8 /* RCTConvert+BMKMapView.m */,
				EDFC7CBAE40A510E02390483 /* RCTConvert+BMKMapView.h */,
			);
			path = "react-native-bmk";
			sourceTree = "<group>";
		};
		3CD0FAF61F1CC93C00D9F8EA /* BMK_Bridge_Tests */ = {
			isa = PBXGroup;
			children = (
				3CD0FB001F1CC97800D9F8EA /* TestBMKUserLocationDerSer.m */,
				3CD0FAF91F1CC93C00D9F8EA /* Info.plist */,
			);
			path = BMK_Bridge_Tests;
			sourceTree = "<group>";
		};
		A3B7A2EFC3CE6A6CDF85FD3C /* Pods */ = {
			isa = PBXGroup;
			children = (
				596348D5F7569353AB263585 /* Pods-react-native-bmk.debug.xcconfig */,
				6AF50263C40A347FAC169C1A /* Pods-react-native-bmk.release.xcconfig */,
				F65D1CA438F12539645FC967 /* Pods-BMK_Bridge_Tests.debug.xcconfig */,
				E0C0AA456C43EDAE8715A1B4 /* Pods-BMK_Bridge_Tests.release.xcconfig */,
			);
			name = Pods;
			sourceTree = "<group>";
		};
/* End PBXGroup section */

/* Begin PBXNativeTarget section */
		3CD0FA7E1F1C28D200D9F8EA /* react-native-bmk */ = {
			isa = PBXNativeTarget;
			buildConfigurationList = 3CD0FA881F1C28D200D9F8EA /* Build configuration list for PBXNativeTarget "react-native-bmk" */;
			buildPhases = (
				F5825E9A287078505ADE374A /* [CP] Check Pods Manifest.lock */,
				3CD0FA7B1F1C28D200D9F8EA /* Sources */,
				3CD0FA7C1F1C28D200D9F8EA /* Frameworks */,
				3CD0FA7D1F1C28D200D9F8EA /* CopyFiles */,
				3B3985210D19C50537E9A2C4 /* [CP] Copy Pods Resources */,
			);
			buildRules = (
			);
			dependencies = (
			);
			name = "react-native-bmk";
			productName = "react-native-bmk";
			productReference = 3CD0FA7F1F1C28D200D9F8EA /* libreact-native-bmk.a */;
			productType = "com.apple.product-type.library.static";
		};
		3CD0FAF41F1CC93C00D9F8EA /* BMK_Bridge_Tests */ = {
			isa = PBXNativeTarget;
			buildConfigurationList = 3CD0FAFD1F1CC93C00D9F8EA /* Build configuration list for PBXNativeTarget "BMK_Bridge_Tests" */;
			buildPhases = (
				FC69C20C5B0EC7F1C448D03D /* [CP] Check Pods Manifest.lock */,
				3CD0FAF11F1CC93C00D9F8EA /* Sources */,
				3CD0FAF21F1CC93C00D9F8EA /* Frameworks */,
				3CD0FAF31F1CC93C00D9F8EA /* Resources */,
				063AAE235EA1EA493A0912BD /* [CP] Embed Pods Frameworks */,
				651D10ACFFABE22CF6384930 /* [CP] Copy Pods Resources */,
			);
			buildRules = (
			);
			dependencies = (
				3CD0FAFC1F1CC93C00D9F8EA /* PBXTargetDependency */,
			);
			name = BMK_Bridge_Tests;
			productName = BMK_Bridge_Tests;
			productReference = 3CD0FAF51F1CC93C00D9F8EA /* BMK_Bridge_Tests.xctest */;
			productType = "com.apple.product-type.bundle.unit-test";
		};
/* End PBXNativeTarget section */

/* Begin PBXProject section */
		3CD0FA771F1C28D200D9F8EA /* Project object */ = {
			isa = PBXProject;
			attributes = {
				LastUpgradeCheck = 0820;
				ORGANIZATIONNAME = com.johnzh;
				TargetAttributes = {
					3CD0FA7E1F1C28D200D9F8EA = {
						CreatedOnToolsVersion = 8.2.1;
						ProvisioningStyle = Automatic;
					};
					3CD0FAF41F1CC93C00D9F8EA = {
						CreatedOnToolsVersion = 8.2.1;
						DevelopmentTeam = GBL4MR8BRG;
						ProvisioningStyle = Automatic;
					};
				};
			};
			buildConfigurationList = 3CD0FA7A1F1C28D200D9F8EA /* Build configuration list for PBXProject "react-native-bmk" */;
			compatibilityVersion = "Xcode 3.2";
			developmentRegion = English;
			hasScannedForEncodings = 0;
			knownRegions = (
				en,
			);
			mainGroup = 3CD0FA761F1C28D200D9F8EA;
			productRefGroup = 3CD0FA801F1C28D200D9F8EA /* Products */;
			projectDirPath = "";
			projectRoot = "";
			targets = (
				3CD0FA7E1F1C28D200D9F8EA /* react-native-bmk */,
				3CD0FAF41F1CC93C00D9F8EA /* BMK_Bridge_Tests */,
			);
		};
/* End PBXProject section */

/* Begin PBXResourcesBuildPhase section */
		3CD0FAF31F1CC93C00D9F8EA /* Resources */ = {
			isa = PBXResourcesBuildPhase;
			buildActionMask = 2147483647;
			files = (
			);
			runOnlyForDeploymentPostprocessing = 0;
		};
/* End PBXResourcesBuildPhase section */

/* Begin PBXShellScriptBuildPhase section */
		063AAE235EA1EA493A0912BD /* [CP] Embed Pods Frameworks */ = {
			isa = PBXShellScriptBuildPhase;
			buildActionMask = 2147483647;
			files = (
			);
			inputPaths = (
			);
			name = "[CP] Embed Pods Frameworks";
			outputPaths = (
			);
			runOnlyForDeploymentPostprocessing = 0;
			shellPath = /bin/sh;
			shellScript = "\"${SRCROOT}/Pods/Target Support Files/Pods-BMK_Bridge_Tests/Pods-BMK_Bridge_Tests-frameworks.sh\"\n";
			showEnvVarsInLog = 0;
		};
		3B3985210D19C50537E9A2C4 /* [CP] Copy Pods Resources */ = {
			isa = PBXShellScriptBuildPhase;
			buildActionMask = 2147483647;
			files = (
			);
			inputPaths = (
				"${SRCROOT}/Pods/Target Support Files/Pods-react-native-bmk/Pods-react-native-bmk-resources.sh",
				"${PODS_ROOT}/BaiduMapKit_Subspec/BaiduMapKit/BaiduMapAPI_Map.framework/Resources/mapapi.bundle",
			);
			name = "[CP] Copy Pods Resources";
			outputPaths = (
				"${TARGET_BUILD_DIR}/${UNLOCALIZED_RESOURCES_FOLDER_PATH}",
			);
			runOnlyForDeploymentPostprocessing = 0;
			shellPath = /bin/sh;
			shellScript = "\"${SRCROOT}/Pods/Target Support Files/Pods-react-native-bmk/Pods-react-native-bmk-resources.sh\"\n";
			showEnvVarsInLog = 0;
		};
		651D10ACFFABE22CF6384930 /* [CP] Copy Pods Resources */ = {
			isa = PBXShellScriptBuildPhase;
			buildActionMask = 2147483647;
			files = (
			);
			inputPaths = (
				"${SRCROOT}/Pods/Target Support Files/Pods-BMK_Bridge_Tests/Pods-BMK_Bridge_Tests-resources.sh",
				"${PODS_ROOT}/BaiduMapKit_Subspec/BaiduMapKit/BaiduMapAPI_Map.framework/Resources/mapapi.bundle",
			);
			name = "[CP] Copy Pods Resources";
			outputPaths = (
				"${TARGET_BUILD_DIR}/${UNLOCALIZED_RESOURCES_FOLDER_PATH}",
			);
			runOnlyForDeploymentPostprocessing = 0;
			shellPath = /bin/sh;
			shellScript = "\"${SRCROOT}/Pods/Target Support Files/Pods-BMK_Bridge_Tests/Pods-BMK_Bridge_Tests-resources.sh\"\n";
			showEnvVarsInLog = 0;
		};
		F5825E9A287078505ADE374A /* [CP] Check Pods Manifest.lock */ = {
			isa = PBXShellScriptBuildPhase;
			buildActionMask = 2147483647;
			files = (
			);
			inputPaths = (
				"${PODS_PODFILE_DIR_PATH}/Podfile.lock",
				"${PODS_ROOT}/Manifest.lock",
			);
			name = "[CP] Check Pods Manifest.lock";
			outputPaths = (
				"$(DERIVED_FILE_DIR)/Pods-react-native-bmk-checkManifestLockResult.txt",
			);
			runOnlyForDeploymentPostprocessing = 0;
			shellPath = /bin/sh;
			shellScript = "diff \"${PODS_PODFILE_DIR_PATH}/Podfile.lock\" \"${PODS_ROOT}/Manifest.lock\" > /dev/null\nif [ $? != 0 ] ; then\n    # print error to STDERR\n    echo \"error: The sandbox is not in sync with the Podfile.lock. Run 'pod install' or update your CocoaPods installation.\" >&2\n    exit 1\nfi\n# This output is used by Xcode 'outputs' to avoid re-running this script phase.\necho \"SUCCESS\" > \"${SCRIPT_OUTPUT_FILE_0}\"\n";
			showEnvVarsInLog = 0;
		};
		FC69C20C5B0EC7F1C448D03D /* [CP] Check Pods Manifest.lock */ = {
			isa = PBXShellScriptBuildPhase;
			buildActionMask = 2147483647;
			files = (
			);
			inputPaths = (
				"${PODS_PODFILE_DIR_PATH}/Podfile.lock",
				"${PODS_ROOT}/Manifest.lock",
			);
			name = "[CP] Check Pods Manifest.lock";
			outputPaths = (
				"$(DERIVED_FILE_DIR)/Pods-BMK_Bridge_Tests-checkManifestLockResult.txt",
			);
			runOnlyForDeploymentPostprocessing = 0;
			shellPath = /bin/sh;
			shellScript = "diff \"${PODS_PODFILE_DIR_PATH}/Podfile.lock\" \"${PODS_ROOT}/Manifest.lock\" > /dev/null\nif [ $? != 0 ] ; then\n    # print error to STDERR\n    echo \"error: The sandbox is not in sync with the Podfile.lock. Run 'pod install' or update your CocoaPods installation.\" >&2\n    exit 1\nfi\n# This output is used by Xcode 'outputs' to avoid re-running this script phase.\necho \"SUCCESS\" > \"${SCRIPT_OUTPUT_FILE_0}\"\n";
			showEnvVarsInLog = 0;
		};
/* End PBXShellScriptBuildPhase section */

/* Begin PBXSourcesBuildPhase section */
		3CD0FA7B1F1C28D200D9F8EA /* Sources */ = {
			isa = PBXSourcesBuildPhase;
			buildActionMask = 2147483647;
			files = (
				3CD0FA931F1C340D00D9F8EA /* BMKMapViewManager.m in Sources */,
				EDFC7B548C46A228BA1AD286 /* BMKLocationServiceManager.m in Sources */,
				EDFC7CE9A2F1F1B3690F91F1 /* BMKUserLocation+Writable.m in Sources */,
				EDFC7D48695BDB1440B56373 /* RCT_CLHeading.m in Sources */,
				EDFC775722F0A1CB5CDF2925 /* BMKUserLocation+JSONHelper.m in Sources */,
				EDFC7185DFD72B68E5D4D11B /* RCT_BMKMapView.m in Sources */,
				EDFC719C3558BEAEC2E0D167 /* RCT_BMKAnnotation.m in Sources */,
				EDFC7F0AE847FD343A7F48F4 /* RCTConvert+BMKMapView.m in Sources */,
			);
			runOnlyForDeploymentPostprocessing = 0;
		};
		3CD0FAF11F1CC93C00D9F8EA /* Sources */ = {
			isa = PBXSourcesBuildPhase;
			buildActionMask = 2147483647;
			files = (
				3CD0FB011F1CC97800D9F8EA /* TestBMKUserLocationDerSer.m in Sources */,
			);
			runOnlyForDeploymentPostprocessing = 0;
		};
/* End PBXSourcesBuildPhase section */

/* Begin PBXTargetDependency section */
		3CD0FAFC1F1CC93C00D9F8EA /* PBXTargetDependency */ = {
			isa = PBXTargetDependency;
			target = 3CD0FA7E1F1C28D200D9F8EA /* react-native-bmk */;
			targetProxy = 3CD0FAFB1F1CC93C00D9F8EA /* PBXContainerItemProxy */;
		};
/* End PBXTargetDependency section */

/* Begin XCBuildConfiguration section */
		3CD0FA861F1C28D200D9F8EA /* Debug */ = {
			isa = XCBuildConfiguration;
			buildSettings = {
				ALWAYS_SEARCH_USER_PATHS = NO;
				CLANG_ANALYZER_NONNULL = YES;
				CLANG_CXX_LANGUAGE_STANDARD = "gnu++0x";
				CLANG_CXX_LIBRARY = "libc++";
				CLANG_ENABLE_MODULES = YES;
				CLANG_ENABLE_OBJC_ARC = YES;
				CLANG_WARN_BOOL_CONVERSION = YES;
				CLANG_WARN_CONSTANT_CONVERSION = YES;
				CLANG_WARN_DIRECT_OBJC_ISA_USAGE = YES_ERROR;
				CLANG_WARN_DOCUMENTATION_COMMENTS = YES;
				CLANG_WARN_EMPTY_BODY = YES;
				CLANG_WARN_ENUM_CONVERSION = YES;
				CLANG_WARN_INFINITE_RECURSION = YES;
				CLANG_WARN_INT_CONVERSION = YES;
				CLANG_WARN_OBJC_ROOT_CLASS = YES_ERROR;
				CLANG_WARN_SUSPICIOUS_MOVE = YES;
				CLANG_WARN_UNREACHABLE_CODE = YES;
				CLANG_WARN__DUPLICATE_METHOD_MATCH = YES;
				"CODE_SIGN_IDENTITY[sdk=iphoneos*]" = "iPhone Developer";
				COPY_PHASE_STRIP = NO;
				DEBUG_INFORMATION_FORMAT = dwarf;
				ENABLE_STRICT_OBJC_MSGSEND = YES;
				ENABLE_TESTABILITY = YES;
				GCC_C_LANGUAGE_STANDARD = gnu99;
				GCC_DYNAMIC_NO_PIC = NO;
				GCC_NO_COMMON_BLOCKS = YES;
				GCC_OPTIMIZATION_LEVEL = 0;
				GCC_PREPROCESSOR_DEFINITIONS = (
					"DEBUG=1",
					"$(inherited)",
				);
				GCC_WARN_64_TO_32_BIT_CONVERSION = YES;
				GCC_WARN_ABOUT_RETURN_TYPE = YES_ERROR;
				GCC_WARN_UNDECLARED_SELECTOR = YES;
				GCC_WARN_UNINITIALIZED_AUTOS = YES_AGGRESSIVE;
				GCC_WARN_UNUSED_FUNCTION = YES;
				GCC_WARN_UNUSED_VARIABLE = YES;
				IPHONEOS_DEPLOYMENT_TARGET = 10.2;
				MTL_ENABLE_DEBUG_INFO = YES;
				ONLY_ACTIVE_ARCH = YES;
				SDKROOT = iphoneos;
			};
			name = Debug;
		};
		3CD0FA871F1C28D200D9F8EA /* Release */ = {
			isa = XCBuildConfiguration;
			buildSettings = {
				ALWAYS_SEARCH_USER_PATHS = NO;
				CLANG_ANALYZER_NONNULL = YES;
				CLANG_CXX_LANGUAGE_STANDARD = "gnu++0x";
				CLANG_CXX_LIBRARY = "libc++";
				CLANG_ENABLE_MODULES = YES;
				CLANG_ENABLE_OBJC_ARC = YES;
				CLANG_WARN_BOOL_CONVERSION = YES;
				CLANG_WARN_CONSTANT_CONVERSION = YES;
				CLANG_WARN_DIRECT_OBJC_ISA_USAGE = YES_ERROR;
				CLANG_WARN_DOCUMENTATION_COMMENTS = YES;
				CLANG_WARN_EMPTY_BODY = YES;
				CLANG_WARN_ENUM_CONVERSION = YES;
				CLANG_WARN_INFINITE_RECURSION = YES;
				CLANG_WARN_INT_CONVERSION = YES;
				CLANG_WARN_OBJC_ROOT_CLASS = YES_ERROR;
				CLANG_WARN_SUSPICIOUS_MOVE = YES;
				CLANG_WARN_UNREACHABLE_CODE = YES;
				CLANG_WARN__DUPLICATE_METHOD_MATCH = YES;
				"CODE_SIGN_IDENTITY[sdk=iphoneos*]" = "iPhone Developer";
				COPY_PHASE_STRIP = NO;
				DEBUG_INFORMATION_FORMAT = "dwarf-with-dsym";
				ENABLE_NS_ASSERTIONS = NO;
				ENABLE_STRICT_OBJC_MSGSEND = YES;
				GCC_C_LANGUAGE_STANDARD = gnu99;
				GCC_NO_COMMON_BLOCKS = YES;
				GCC_WARN_64_TO_32_BIT_CONVERSION = YES;
				GCC_WARN_ABOUT_RETURN_TYPE = YES_ERROR;
				GCC_WARN_UNDECLARED_SELECTOR = YES;
				GCC_WARN_UNINITIALIZED_AUTOS = YES_AGGRESSIVE;
				GCC_WARN_UNUSED_FUNCTION = YES;
				GCC_WARN_UNUSED_VARIABLE = YES;
				IPHONEOS_DEPLOYMENT_TARGET = 10.2;
				MTL_ENABLE_DEBUG_INFO = NO;
				SDKROOT = iphoneos;
				VALIDATE_PRODUCT = YES;
			};
			name = Release;
		};
		3CD0FA891F1C28D200D9F8EA /* Debug */ = {
			isa = XCBuildConfiguration;
			baseConfigurationReference = 596348D5F7569353AB263585 /* Pods-react-native-bmk.debug.xcconfig */;
			buildSettings = {
				IPHONEOS_DEPLOYMENT_TARGET = 8.0;
				OTHER_LDFLAGS = "-ObjC";
				PRODUCT_NAME = "$(TARGET_NAME)";
				SKIP_INSTALL = YES;
				USER_HEADER_SEARCH_PATHS = "\"${PROJECT_DIR}/Pods\"/** \"${PROJECT_DIR}/Pods\"/** \"${PROJECT_DIR}/Pods\"/** \"${PROJECT_DIR}/Pods\"/**";
			};
			name = Debug;
		};
		3CD0FA8A1F1C28D200D9F8EA /* Release */ = {
			isa = XCBuildConfiguration;
			baseConfigurationReference = 6AF50263C40A347FAC169C1A /* Pods-react-native-bmk.release.xcconfig */;
			buildSettings = {
				IPHONEOS_DEPLOYMENT_TARGET = 8.0;
				OTHER_LDFLAGS = "-ObjC";
				PRODUCT_NAME = "$(TARGET_NAME)";
				SKIP_INSTALL = YES;
				USER_HEADER_SEARCH_PATHS = "\"${PROJECT_DIR}/Pods\"/** \"${PROJECT_DIR}/Pods\"/** \"${PROJECT_DIR}/Pods\"/** \"${PROJECT_DIR}/Pods\"/**";
			};
			name = Release;
		};
		3CD0FAFE1F1CC93C00D9F8EA /* Debug */ = {
			isa = XCBuildConfiguration;
			baseConfigurationReference = F65D1CA438F12539645FC967 /* Pods-BMK_Bridge_Tests.debug.xcconfig */;
			buildSettings = {
				DEVELOPMENT_TEAM = GBL4MR8BRG;
				INFOPLIST_FILE = BMK_Bridge_Tests/Info.plist;
				IPHONEOS_DEPLOYMENT_TARGET = 8.0;
				LD_RUNPATH_SEARCH_PATHS = "$(inherited) @executable_path/Frameworks @loader_path/Frameworks";
				PRODUCT_BUNDLE_IDENTIFIER = "com.johnzh.BMK-Bridge-Tests";
				PRODUCT_NAME = "$(TARGET_NAME)";
				USER_HEADER_SEARCH_PATHS = "\"${PROJECT_DIR}/Pods\"/**";
			};
			name = Debug;
		};
		3CD0FAFF1F1CC93C00D9F8EA /* Release */ = {
			isa = XCBuildConfiguration;
			baseConfigurationReference = E0C0AA456C43EDAE8715A1B4 /* Pods-BMK_Bridge_Tests.release.xcconfig */;
			buildSettings = {
				DEVELOPMENT_TEAM = GBL4MR8BRG;
				INFOPLIST_FILE = BMK_Bridge_Tests/Info.plist;
				IPHONEOS_DEPLOYMENT_TARGET = 8.0;
				LD_RUNPATH_SEARCH_PATHS = "$(inherited) @executable_path/Frameworks @loader_path/Frameworks";
				PRODUCT_BUNDLE_IDENTIFIER = "com.johnzh.BMK-Bridge-Tests";
				PRODUCT_NAME = "$(TARGET_NAME)";
				USER_HEADER_SEARCH_PATHS = "\"${PROJECT_DIR}/Pods\"/**";
			};
			name = Release;
		};
/* End XCBuildConfiguration section */

/* Begin XCConfigurationList section */
		3CD0FA7A1F1C28D200D9F8EA /* Build configuration list for PBXProject "react-native-bmk" */ = {
			isa = XCConfigurationList;
			buildConfigurations = (
				3CD0FA861F1C28D200D9F8EA /* Debug */,
				3CD0FA871F1C28D200D9F8EA /* Release */,
			);
			defaultConfigurationIsVisible = 0;
			defaultConfigurationName = Release;
		};
		3CD0FA881F1C28D200D9F8EA /* Build configuration list for PBXNativeTarget "react-native-bmk" */ = {
			isa = XCConfigurationList;
			buildConfigurations = (
				3CD0FA891F1C28D200D9F8EA /* Debug */,
				3CD0FA8A1F1C28D200D9F8EA /* Release */,
			);
			defaultConfigurationIsVisible = 0;
			defaultConfigurationName = Release;
		};
		3CD0FAFD1F1CC93C00D9F8EA /* Build configuration list for PBXNativeTarget "BMK_Bridge_Tests" */ = {
			isa = XCConfigurationList;
			buildConfigurations = (
				3CD0FAFE1F1CC93C00D9F8EA /* Debug */,
				3CD0FAFF1F1CC93C00D9F8EA /* Release */,
			);
			defaultConfigurationIsVisible = 0;
			defaultConfigurationName = Release;
		};
/* End XCConfigurationList section */
	};
	rootObject = 3CD0FA771F1C28D200D9F8EA /* Project object */;
}
